{
  "nodes": {
    "nixpkgs": {
      "locked": {
        "lastModified": 1726320982,
        "narHash": "sha256-RuVXUwcYwaUeks6h3OLrEmg14z9aFXdWppTWPMTwdQw=",
        "owner": "NixOS",
        "repo": "nixpkgs",
        "rev": "8f7492cce28977fbf8bd12c72af08b1f6c7c3e49",
        "type": "github"
      },
      "original": {
        "id": "nixpkgs",
        "ref": "nixos-24.05",
        "type": "indirect"
      }
    },
    "nodejs-cp": {
      "locked": {
        "lastModified": 1707588924,
        "narHash": "sha256-0e1ce6X5ghapv6cAF9rxLZKeNyFHHXsLbGxN2cQQE8U=",
        "owner": "NixOS",
        "repo": "nixpkgs",
        "rev": "10b813040df67c4039086db0f6eaf65c536886c6",
        "type": "github"
      },
      "original": {
        "id": "nixpkgs",
        "rev": "10b813040df67c4039086db0f6eaf65c536886c6",
        "type": "indirect"
      }
    },
    "root": {
      "inputs": {
        "nixpkgs": "nixpkgs",
        "nodejs-cp": "nodejs-cp",
        "yarn-cp": "yarn-cp"
      }
    },
    "yarn-cp": {
      "locked": {
        "lastModified": 1718225733,
        "narHash": "sha256-aTIpfLT+hQr0H1d7QA2k5a5rWrkL+M8ECN2tI9ClpSg=",
        "owner": "NixOS",
        "repo": "nixpkgs",
        "rev": "a9858885e197f984d92d7fe64e9fff6b2e488d40",
        "type": "github"
      },
      "original": {
        "id": "nixpkgs",
        "rev": "a9858885e197f984d92d7fe64e9fff6b2e488d40",
        "type": "indirect"
      }
    }
  },
  "root": "root",
  "version": 7
}
